<?xml version="1.0" encoding="utf-8"?>
<Project ToolsVersion="4.0" xmlns="http://schemas.microsoft.com/developer/msbuild/2003">
  <ItemGroup>
    <Filter Include="Source Files">
      <UniqueIdentifier>{4FC737F1-C7A5-4376-A066-2A32D752A2FF}</UniqueIdentifier>
      <Extensions>cpp;c;cc;cxx;c++;cppm;ixx;def;odl;idl;hpj;bat;asm;asmx</Extensions>
    </Filter>
    <Filter Include="Header Files">
      <UniqueIdentifier>{93995380-89BD-4b04-88EB-625FBE52EBFB}</UniqueIdentifier>
      <Extensions>h;hh;hpp;hxx;h++;hm;inl;inc;ipp;xsd</Extensions>
    </Filter>
    <Filter Include="Resource Files">
      <UniqueIdentifier>{67DA6AB6-F800-4c08-8B7A-83BB121AAD01}</UniqueIdentifier>
      <Extensions>rc;ico;cur;bmp;dlg;rc2;rct;bin;rgs;gif;jpg;jpeg;jpe;resx;tiff;tif;png;wav;mfcribbon-ms</Extensions>
    </Filter>
    <Filter Include="Resource Files\shaders">
      <UniqueIdentifier>{e77743b4-9d81-44be-b75f-24ff094616bc}</UniqueIdentifier>
    </Filter>
  </ItemGroup>
  <ItemGroup>
    <ClInclude Include="src\resources\targetver.h">
      <Filter>Header Files</Filter>
    </ClInclude>
    <ClInclude Include="src\resources\Resource.h">
      <Filter>Header Files</Filter>
    </ClInclude>
    <ClInclude Include="src\pch.h">
      <Filter>Header Files</Filter>
    </ClInclude>
    <ClInclude Include="src\include\helpers.h">
      <Filter>Header Files</Filter>
    </ClInclude>
    <ClInclude Include="src\window.h">
      <Filter>Header Files</Filter>
    </ClInclude>
    <ClInclude Include="src\config.h">
      <Filter>Header Files</Filter>
    </ClInclude>
    <ClInclude Include="src\renderer.h">
      <Filter>Header Files</Filter>
    </ClInclude>
    <ClInclude Include="src\user_interface.h">
      <Filter>Header Files</Filter>
    </ClInclude>
    <ClInclude Include="src\include\font.h">
      <Filter>Header Files</Filter>
    </ClInclude>
    <ClInclude Include="src\file_manager.h">
      <Filter>Header Files</Filter>
    </ClInclude>
    <ClInclude Include="src\image.h">
      <Filter>Header Files</Filter>
    </ClInclude>
    <ClInclude Include="src\include\shader_config.h">
      <Filter>Header Files</Filter>
    </ClInclude>
    <ClInclude Include="src\icc.h">
      <Filter>Header Files</Filter>
    </ClInclude>
    <ClInclude Include="src\include\cms_lut.h">
      <Filter>Header Files</Filter>
    </ClInclude>
    <ClInclude Include="src\resources\version.h">
      <Filter>Header Files</Filter>
    </ClInclude>
    <ClInclude Include="src\include\wiv_imconfig.h">
      <Filter>Header Files</Filter>
    </ClInclude>
    <ClInclude Include="src\include\global.h">
      <Filter>Header Files</Filter>
    </ClInclude>
    <ClInclude Include="src\include\range.h">
      <Filter>Header Files</Filter>
    </ClInclude>
    <ClInclude Include="src\include\supported_extensions.h">
      <Filter>Header Files</Filter>
    </ClInclude>
    <ClInclude Include="src\include\bench.h">
      <Filter>Header Files</Filter>
    </ClInclude>
    <ClInclude Include="src\include\info.h">
      <Filter>Header Files</Filter>
    </ClInclude>
    <ClInclude Include="src\renderer_base.h">
      <Filter>Header Files</Filter>
    </ClInclude>
    <ClInclude Include="src\include\ensure.h">
      <Filter>Header Files</Filter>
    </ClInclude>
    <ClInclude Include="src\include\dims.h">
      <Filter>Header Files</Filter>
    </ClInclude>
    <ClInclude Include="src\include\ComPtr.h">
      <Filter>Header Files</Filter>
    </ClInclude>
  </ItemGroup>
  <ItemGroup>
    <ClCompile Include="src\main.cpp">
      <Filter>Source Files</Filter>
    </ClCompile>
    <ClCompile Include="src\pch.cpp">
      <Filter>Source Files</Filter>
    </ClCompile>
    <ClCompile Include="src\config.cpp">
      <Filter>Source Files</Filter>
    </ClCompile>
    <ClCompile Include="src\window.cpp">
      <Filter>Source Files</Filter>
    </ClCompile>
    <ClCompile Include="src\renderer.cpp">
      <Filter>Source Files</Filter>
    </ClCompile>
    <ClCompile Include="src\user_interface.cpp">
      <Filter>Source Files</Filter>
    </ClCompile>
    <ClCompile Include="src\file_manager.cpp">
      <Filter>Source Files</Filter>
    </ClCompile>
    <ClCompile Include="src\image.cpp">
      <Filter>Source Files</Filter>
    </ClCompile>
    <ClCompile Include="src\icc.cpp">
      <Filter>Source Files</Filter>
    </ClCompile>
    <ClCompile Include="src\renderer_base.cpp">
      <Filter>Source Files</Filter>
    </ClCompile>
  </ItemGroup>
  <ItemGroup>
    <ResourceCompile Include="src\resources\w-image-viewer.rc">
      <Filter>Resource Files</Filter>
    </ResourceCompile>
  </ItemGroup>
  <ItemGroup>
    <Image Include="src\resources\w-image-viewer.ico">
      <Filter>Resource Files</Filter>
    </Image>
  </ItemGroup>
  <ItemGroup>
    <FxCompile Include="src\shaders\fullscreen_triangle_vs.hlsl">
      <Filter>Resource Files\shaders</Filter>
    </FxCompile>
    <FxCompile Include="src\shaders\sample_ps.hlsl">
      <Filter>Resource Files\shaders</Filter>
    </FxCompile>
    <FxCompile Include="src\shaders\sample_alpha_ps.hlsl">
      <Filter>Resource Files\shaders</Filter>
    </FxCompile>
    <FxCompile Include="src\shaders\cylindcrical_resample_ps.hlsl">
      <Filter>Resource Files\shaders</Filter>
    </FxCompile>
    <FxCompile Include="src\shaders\orthogonal_resample_ps.hlsl">
      <Filter>Resource Files\shaders</Filter>
    </FxCompile>
    <FxCompile Include="src\shaders\cms_ps.hlsl">
      <Filter>Resource Files\shaders</Filter>
    </FxCompile>
    <FxCompile Include="src\shaders\blur_ps.hlsl">
      <Filter>Resource Files\shaders</Filter>
    </FxCompile>
    <FxCompile Include="src\shaders\delinearize_ps.hlsl">
      <Filter>Resource Files\shaders</Filter>
    </FxCompile>
    <FxCompile Include="src\shaders\linearize_ps.hlsl">
      <Filter>Resource Files\shaders</Filter>
    </FxCompile>
    <FxCompile Include="src\shaders\sigmoidize_ps.hlsl">
      <Filter>Resource Files\shaders</Filter>
    </FxCompile>
    <FxCompile Include="src\shaders\desigmoidize_ps.hlsl">
      <Filter>Resource Files\shaders</Filter>
    </FxCompile>
  </ItemGroup>
  <ItemGroup>
    <None Include="src\shaders\include\kernel_functions.hlsli">
      <Filter>Resource Files\shaders</Filter>
    </None>
    <None Include="src\shaders\include\helpers.hlsli">
      <Filter>Resource Files\shaders</Filter>
    </None>
    <None Include="src\shaders\include\corecrt_math_defines.hlsli">
      <Filter>Resource Files\shaders</Filter>
    </None>
  </ItemGroup>
</Project>